{
  "name": "olc1_py2_201700988",
  "version": "1.0.0",
  "lockfileVersion": 1,
  "requires": true,
  "dependencies": {
    "@types/codemirror": {
      "version": "0.0.91",
      "resolved": "https://registry.npmjs.org/@types/codemirror/-/codemirror-0.0.91.tgz",
      "integrity": "sha512-FZcfBNjhVc6slo6RbtbCqYa+KTQa9sykV5OdRLqd3FeMPddVLFuqSR3KNZUbzU9qoEBudBZX0nbItJ52ml37KA==",
      "requires": {
        "@types/tern": "*"
      }
    },
    "@types/estree": {
      "version": "0.0.44",
      "resolved": "https://registry.npmjs.org/@types/estree/-/estree-0.0.44.tgz",
      "integrity": "sha512-iaIVzr+w2ZJ5HkidlZ3EJM8VTZb2MJLCjw3V+505yVts0gRC4UMvjw0d1HPtGqI/HQC/KdsYtayfzl+AXY2R8g=="
    },
    "@types/jquery": {
      "version": "3.3.36",
      "resolved": "https://registry.npmjs.org/@types/jquery/-/jquery-3.3.36.tgz",
      "integrity": "sha512-jHL8J5y5fJ0+C9zCTkeOvX4zqRnPug3r6JhAqAYl2YyBCYHiXTbZSH0MRCpayZADed5TigPjH92dEKczUFT2TQ==",
      "requires": {
        "@types/sizzle": "*"
      }
    },
    "@types/node": {
      "version": "13.13.4",
      "resolved": "https://registry.npmjs.org/@types/node/-/node-13.13.4.tgz",
      "integrity": "sha512-x26ur3dSXgv5AwKS0lNfbjpCakGIduWU1DU91Zz58ONRWrIKGunmZBNv4P7N+e27sJkiGDsw/3fT4AtsqQBrBA==",
      "dev": true
    },
    "@types/sizzle": {
      "version": "2.3.2",
      "resolved": "https://registry.npmjs.org/@types/sizzle/-/sizzle-2.3.2.tgz",
      "integrity": "sha512-7EJYyKTL7tFR8+gDbB6Wwz/arpGa0Mywk1TJbNzKzHtzbwVmY4HR9WqS5VV7dsBUKQmPNr192jHr/VpBluj/hg=="
    },
    "@types/tern": {
      "version": "0.23.3",
      "resolved": "https://registry.npmjs.org/@types/tern/-/tern-0.23.3.tgz",
      "integrity": "sha512-imDtS4TAoTcXk0g7u4kkWqedB3E4qpjXzCpD2LU5M5NAXHzCDsypyvXSaG7mM8DKYkCRa7tFp4tS/lp/Wo7Q3w==",
      "requires": {
        "@types/estree": "*"
      }
    },
    "jquery": {
      "version": "3.5.0",
      "resolved": "https://registry.npmjs.org/jquery/-/jquery-3.5.0.tgz",
      "integrity": "sha512-Xb7SVYMvygPxbFMpTFQiHh1J7HClEaThguL15N/Gg37Lri/qKyhRGZYzHRyLH8Stq3Aow0LsHO2O2ci86fCrNQ=="
    }
  }
}
